
Microsoft Visual Studio Solution File, Format Version 12.00
# Visual Studio 14
VisualStudioVersion = 14.0.23107.0
MinimumVisualStudioVersion = 10.0.40219.1
Project("{2150E333-8FDC-42A3-9474-1A3956D46DE8}") = "src", "src", "{8B320F4B-94A4-4C37-9D68-262599C7379F}"
EndProject
Project("{8BB2217D-0F2D-49D1-97BC-3654ED321F3B}") = "Asp5AspId", "src\Asp5AspId\Asp5AspId.xproj", "{A7612A1D-CB85-4010-AB77-5FA8DC43C8B5}"
EndProject
Project("{8BB2217D-0F2D-49D1-97BC-3654ED321F3B}") = "WebApplication1", "src\WebApplication1\WebApplication1.xproj", "{24CDCA52-143F-4EA4-BAA3-C64EC31AD53E}"
EndProject
Global
	GlobalSection(SolutionConfigurationPlatforms) = preSolution
		Debug|Any CPU = Debug|Any CPU
		Release|Any CPU = Release|Any CPU
	EndGlobalSection
	GlobalSection(ProjectConfigurationPlatforms) = postSolution
		{A7612A1D-CB85-4010-AB77-5FA8DC43C8B5}.Debug|Any CPU.ActiveCfg = Debug|Any CPU
		{A7612A1D-CB85-4010-AB77-5FA8DC43C8B5}.Debug|Any CPU.Build.0 = Debug|Any CPU
		{A7612A1D-CB85-4010-AB77-5FA8DC43C8B5}.Release|Any CPU.ActiveCfg = Release|Any CPU
		{A7612A1D-CB85-4010-AB77-5FA8DC43C8B5}.Release|Any CPU.Build.0 = Release|Any CPU
		{24CDCA52-143F-4EA4-BAA3-C64EC31AD53E}.Debug|Any CPU.ActiveCfg = Debug|Any CPU
		{24CDCA52-143F-4EA4-BAA3-C64EC31AD53E}.Debug|Any CPU.Build.0 = Debug|Any CPU
		{24CDCA52-143F-4EA4-BAA3-C64EC31AD53E}.Release|Any CPU.ActiveCfg = Release|Any CPU
		{24CDCA52-143F-4EA4-BAA3-C64EC31AD53E}.Release|Any CPU.Build.0 = Release|Any CPU
	EndGlobalSection
	GlobalSection(SolutionProperties) = preSolution
		HideSolutionNode = FALSE
	EndGlobalSection
	GlobalSection(NestedProjects) = preSolution
		{A7612A1D-CB85-4010-AB77-5FA8DC43C8B5} = {8B320F4B-94A4-4C37-9D68-262599C7379F}
		{24CDCA52-143F-4EA4-BAA3-C64EC31AD53E} = {8B320F4B-94A4-4C37-9D68-262599C7379F}
	EndGlobalSection
	GlobalSection(MonoDevelopProperties) = preSolution
		Policies = $0
		$0.DotNetNamingPolicy = $1
		$1.DirectoryNamespaceAssociation = None
		$1.ResourceNamePolicy = FileFormatDefault
		$0.TextStylePolicy = $3
		$2.FileWidth = 120
		$2.TabsToSpaces = False
		$2.inheritsSet = VisualStudio
		$2.inheritsScope = text/plain
		$2.scope = text/plain
		$3.FileWidth = 120
		$3.TabWidth = 2
		$3.IndentWidth = 2
		$3.inheritsSet = Mono
		$3.inheritsScope = text/plain
		$3.scope = application/config+xml
		$0.XmlFormattingPolicy = $4
		$4.inheritsSet = null
		$4.scope = application/config+xml
	EndGlobalSection
EndGlobal
